
Microsoft Visual Studio Solution File, Format Version 12.00
# Visual Studio Version 16
VisualStudioVersion = 16.0.29709.97
MinimumVisualStudioVersion = 10.0.40219.1
Project("{FAE04EC0-301F-11D3-BF4B-00C04F79EFBC}") = "bondarchuk-zhukovskyLab1", "bondarchuk-zhukovskyLab1\bondarchuk-zhukovskyLab1.csproj", "{EC148357-3719-499C-9E64-5D528CD6AD85}"
EndProject
Project("{FAE04EC0-301F-11D3-BF4B-00C04F79EFBC}") = "bondarchuk-zhukovskyLab2(server)", "bondarchuk-zhukovskyLab2(server)\bondarchuk-zhukovskyLab2(server).csproj", "{94133EC7-608A-44DF-8740-E20235D2CB49}"
EndProject
Project("{FAE04EC0-301F-11D3-BF4B-00C04F79EFBC}") = "bondarchuk-zhukovskyLab2(client)", "bondarchuk-zhukovskyLab2(client)\bondarchuk-zhukovskyLab2(client).csproj", "{D3251FB1-E2F2-4DC8-A85D-7267B2C25165}"
EndProject
Project("{FAE04EC0-301F-11D3-BF4B-00C04F79EFBC}") = "bondarchuk-zhukovskyLab3", "bondarchuk-zhukovskyLab3\bondarchuk-zhukovskyLab3.csproj", "{6937B052-F551-497B-8A83-79077EBEDECC}"
EndProject
Global
	GlobalSection(SolutionConfigurationPlatforms) = preSolution
		Debug|Any CPU = Debug|Any CPU
		Release|Any CPU = Release|Any CPU
	EndGlobalSection
	GlobalSection(ProjectConfigurationPlatforms) = postSolution
		{EC148357-3719-499C-9E64-5D528CD6AD85}.Debug|Any CPU.ActiveCfg = Debug|Any CPU
		{EC148357-3719-499C-9E64-5D528CD6AD85}.Debug|Any CPU.Build.0 = Debug|Any CPU
		{EC148357-3719-499C-9E64-5D528CD6AD85}.Release|Any CPU.ActiveCfg = Release|Any CPU
		{EC148357-3719-499C-9E64-5D528CD6AD85}.Release|Any CPU.Build.0 = Release|Any CPU
		{94133EC7-608A-44DF-8740-E20235D2CB49}.Debug|Any CPU.ActiveCfg = Debug|Any CPU
		{94133EC7-608A-44DF-8740-E20235D2CB49}.Debug|Any CPU.Build.0 = Debug|Any CPU
		{94133EC7-608A-44DF-8740-E20235D2CB49}.Release|Any CPU.ActiveCfg = Release|Any CPU
		{94133EC7-608A-44DF-8740-E20235D2CB49}.Release|Any CPU.Build.0 = Release|Any CPU
		{D3251FB1-E2F2-4DC8-A85D-7267B2C25165}.Debug|Any CPU.ActiveCfg = Debug|Any CPU
		{D3251FB1-E2F2-4DC8-A85D-7267B2C25165}.Debug|Any CPU.Build.0 = Debug|Any CPU
		{D3251FB1-E2F2-4DC8-A85D-7267B2C25165}.Release|Any CPU.ActiveCfg = Release|Any CPU
		{D3251FB1-E2F2-4DC8-A85D-7267B2C25165}.Release|Any CPU.Build.0 = Release|Any CPU
		{6937B052-F551-497B-8A83-79077EBEDECC}.Debug|Any CPU.ActiveCfg = Debug|Any CPU
		{6937B052-F551-497B-8A83-79077EBEDECC}.Debug|Any CPU.Build.0 = Debug|Any CPU
		{6937B052-F551-497B-8A83-79077EBEDECC}.Release|Any CPU.ActiveCfg = Release|Any CPU
		{6937B052-F551-497B-8A83-79077EBEDECC}.Release|Any CPU.Build.0 = Release|Any CPU
	EndGlobalSection
	GlobalSection(SolutionProperties) = preSolution
		HideSolutionNode = FALSE
	EndGlobalSection
	GlobalSection(ExtensibilityGlobals) = postSolution
		SolutionGuid = {5FF8E577-6CB9-44C7-BDDB-177962702536}
	EndGlobalSection
EndGlobal
